<?xml version="1.0" encoding="utf-8"?>
<Project ToolsVersion="4.0" xmlns="http://schemas.microsoft.com/developer/msbuild/2003">
  <ItemGroup>
    <Filter Include="controls">
      <UniqueIdentifier>{35142dcb-bd93-4d65-8337-c10fc0f9b4c3}</UniqueIdentifier>
    </Filter>
    <Filter Include="dialogs">
      <UniqueIdentifier>{a172bd89-0fd7-469e-be98-018e9b271234}</UniqueIdentifier>
    </Filter>
    <Filter Include="dialogs\settings">
      <UniqueIdentifier>{c48d5123-2a78-4f0c-bb39-30395cb07073}</UniqueIdentifier>
    </Filter>
    <Filter Include="Resource Files">
      <UniqueIdentifier>{9294db98-f3dc-4610-ae82-a00fd9f2d426}</UniqueIdentifier>
    </Filter>
    <Filter Include="util">
      <UniqueIdentifier>{c38de862-257f-440d-9876-a3d28d638db1}</UniqueIdentifier>
    </Filter>
  </ItemGroup>
  <ItemGroup>
    <ClCompile Include="MyEditCtrl.cpp">
      <Filter>controls</Filter>
    </ClCompile>
    <ClCompile Include="MyHotkeyCtrl.cpp">
      <Filter>controls</Filter>
    </ClCompile>
    <ClCompile Include="OptGeneral.cpp">
      <Filter>dialogs\settings</Filter>
    </ClCompile>
    <ClCompile Include="OptFifo.cpp">
      <Filter>dialogs\settings</Filter>
    </ClCompile>
    <ClCompile Include="OptStyle.cpp">
      <Filter>dialogs\settings</Filter>
    </ClCompile>
    <ClCompile Include="OptPopup.cpp">
      <Filter>dialogs\settings</Filter>
    </ClCompile>
    <ClCompile Include="OptMainDialog.cpp">
      <Filter>dialogs\settings</Filter>
    </ClCompile>
    <ClCompile Include="OptKeySet.cpp">
      <Filter>dialogs\settings</Filter>
    </ClCompile>
    <ClCompile Include="OptKeySetEditDlg.cpp">
      <Filter>dialogs\settings</Filter>
    </ClCompile>
    <ClCompile Include="OptAdvanced.cpp">
      <Filter>dialogs\settings</Filter>
    </ClCompile>
    <ClCompile Include="AboutDialog.cpp">
      <Filter>dialogs</Filter>
    </ClCompile>
    <ClCompile Include="EditDialog.cpp">
      <Filter>dialogs</Filter>
    </ClCompile>
    <ClCompile Include="InitialDialog.cpp">
      <Filter>dialogs</Filter>
    </ClCompile>
    <ClCompile Include="SearchDialog.cpp">
      <Filter>dialogs</Filter>
    </ClCompile>
    <ClCompile Include="Init.cpp" />
    <ClCompile Include="clipboard.cpp" />
    <ClCompile Include="Charu3.cpp" />
    <ClCompile Include="MainFrm.cpp" />
    <ClCompile Include="Charu3Tree.cpp" />
    <ClCompile Include="MyTreeDialog.cpp" />
    <ClCompile Include="ChildView.cpp" />
    <ClCompile Include="stdafx.cpp" />
    <ClCompile Include="text.cpp">
      <Filter>util</Filter>
    </ClCompile>
    <ClCompile Include="log.cpp">
      <Filter>util</Filter>
    </ClCompile>
    <ClCompile Include="window.cpp">
      <Filter>util</Filter>
    </ClCompile>
    <ClCompile Include="key.cpp">
      <Filter>util</Filter>
    </ClCompile>
    <ClCompile Include="jsonHelper.cpp">
      <Filter>util</Filter>
    </ClCompile>
    <ClCompile Include="color.cpp">
      <Filter>util</Filter>
    </ClCompile>
    <ClCompile Include="PaletStatic.cpp">
      <Filter>controls</Filter>
    </ClCompile>
  </ItemGroup>
  <ItemGroup>
    <ClInclude Include="MyEditCtrl.h">
      <Filter>controls</Filter>
    </ClInclude>
    <ClInclude Include="MyHotkeyCtrl.h">
      <Filter>controls</Filter>
    </ClInclude>
    <ClInclude Include="OptGeneral.h">
      <Filter>dialogs\settings</Filter>
    </ClInclude>
    <ClInclude Include="OptFifo.h">
      <Filter>dialogs\settings</Filter>
    </ClInclude>
    <ClInclude Include="OptStyle.h">
      <Filter>dialogs\settings</Filter>
    </ClInclude>
    <ClInclude Include="OptPopup.h">
      <Filter>dialogs\settings</Filter>
    </ClInclude>
    <ClInclude Include="OptMainDialog.h">
      <Filter>dialogs\settings</Filter>
    </ClInclude>
    <ClInclude Include="OptKeySet.h">
      <Filter>dialogs\settings</Filter>
    </ClInclude>
    <ClInclude Include="OptKeySetEditDlg.h">
      <Filter>dialogs\settings</Filter>
    </ClInclude>
    <ClInclude Include="OptAdvanced.h">
      <Filter>dialogs\settings</Filter>
    </ClInclude>
    <ClInclude Include="AboutDialog.h">
      <Filter>dialogs</Filter>
    </ClInclude>
    <ClInclude Include="EditDialog.h">
      <Filter>dialogs</Filter>
    </ClInclude>
    <ClInclude Include="InitialDialog.h">
      <Filter>dialogs</Filter>
    </ClInclude>
    <ClInclude Include="SearchDialog.h">
      <Filter>dialogs</Filter>
    </ClInclude>
    <ClInclude Include="Init.h" />
    <ClInclude Include="clipboard.h" />
    <ClInclude Include="hotkey.h" />
    <ClInclude Include="search.h" />
    <ClInclude Include="Charu3.h" />
    <ClInclude Include="MainFrm.h" />
    <ClInclude Include="Charu3Tree.h" />
    <ClInclude Include="MyTreeDialog.h" />
    <ClInclude Include="ChildView.h" />
    <ClInclude Include="resource.h" />
    <ClInclude Include="stdafx.h" />
    <ClInclude Include="util.h">
      <Filter>util</Filter>
    </ClInclude>
    <ClInclude Include="text.h">
      <Filter>util</Filter>
    </ClInclude>
    <ClInclude Include="log.h">
      <Filter>util</Filter>
    </ClInclude>
    <ClInclude Include="window.h">
      <Filter>util</Filter>
    </ClInclude>
    <ClInclude Include="key.h">
      <Filter>util</Filter>
    </ClInclude>
    <ClInclude Include="nlomann\json.hpp">
      <Filter>util</Filter>
    </ClInclude>
    <ClInclude Include="jsonHelper.h">
      <Filter>util</Filter>
    </ClInclude>
    <ClInclude Include="color.h">
      <Filter>util</Filter>
    </ClInclude>
    <ClInclude Include="PaletStatic.h">
      <Filter>controls</Filter>
    </ClInclude>
  </ItemGroup>
  <ItemGroup>
    <Image Include="res\c2p256_16_run.ico">
      <Filter>Resource Files</Filter>
    </Image>
    <Image Include="res\c2p256_16_stop.ico">
      <Filter>Resource Files</Filter>
    </Image>
    <Image Include="res\itemIcon.bmp">
      <Filter>Resource Files</Filter>
    </Image>
    <Image Include="res\itemIconPink.bmp">
      <Filter>Resource Files</Filter>
    </Image>
    <Image Include="res\Charu3-SE.ico">
      <Filter>Resource Files</Filter>
    </Image>
  </ItemGroup>
  <ItemGroup>
    <None Include="res\Charu3.rc2">
      <Filter>Resource Files</Filter>
    </None>
  </ItemGroup>
  <ItemGroup>
    <ResourceCompile Include="Charu3.rc" />
  </ItemGroup>
</Project>